lockfileVersion: '6.0'

settings:
  autoInstallPeers: true
  excludeLinksFromLockfile: false

importers:

  .: {}

  packages/keycloak:
    dependencies:
      '@types/node':
        specifier: 18.11.9
        version: 18.11.9
      '@types/react':
        specifier: 18.0.24
        version: 18.0.24
      '@types/react-dom':
        specifier: 18.0.8
        version: 18.0.8
      antd:
        specifier: ^5.15.1
        version: 5.15.1(react-dom@18.2.0)(react@18.2.0)
      next:
        specifier: 13.0.1
        version: 13.0.1(react-dom@18.2.0)(react@18.2.0)
      next-auth:
        specifier: ^4.15.0
        version: 4.15.0(next@13.0.1)(react-dom@18.2.0)(react@18.2.0)
      react:
        specifier: 18.2.0
        version: 18.2.0
      react-dom:
        specifier: 18.2.0
        version: 18.2.0(react@18.2.0)
      typescript:
        specifier: 4.8.4
        version: 4.8.4
    devDependencies:
      prettier:
        specifier: ^2.7.1
        version: 2.7.1

packages:

  /@ant-design/colors@7.0.2:
    resolution: {integrity: sha512-7KJkhTiPiLHSu+LmMJnehfJ6242OCxSlR3xHVBecYxnMW8MS/878NXct1GqYARyL59fyeFdKRxXTfvR9SnDgJg==}
    dependencies:
      '@ctrl/tinycolor': 3.6.1
    dev: false

  /@ant-design/cssinjs@1.18.4(react-dom@18.2.0)(react@18.2.0):
    resolution: {integrity: sha512-IrUAOj5TYuMG556C9gdbFuOrigyhzhU5ZYpWb3gYTxAwymVqRbvLzFCZg6OsjLBR6GhzcxYF3AhxKmjB+rA2xA==}
    peerDependencies:
      react: '>=16.0.0'
      react-dom: '>=16.0.0'
    dependencies:
      '@babel/runtime': 7.24.0
      '@emotion/hash': 0.8.0
      '@emotion/unitless': 0.7.5
      classnames: 2.5.1
      csstype: 3.1.3
      rc-util: 5.39.1(react-dom@18.2.0)(react@18.2.0)
      react: 18.2.0
      react-dom: 18.2.0(react@18.2.0)
      stylis: 4.3.1
    dev: false

  /@ant-design/icons-svg@4.4.2:
    resolution: {integrity: sha512-vHbT+zJEVzllwP+CM+ul7reTEfBR0vgxFe7+lREAsAA7YGsYpboiq2sQNeQeRvh09GfQgs/GyFEvZpJ9cLXpXA==}
    dev: false

  /@ant-design/icons@5.3.1(react-dom@18.2.0)(react@18.2.0):
    resolution: {integrity: sha512-85zROTJCCApQn0Ee6L9561+Vd7yVKtSWNm2TpmOsYMrumchbzaRK83x1WWHv2VG+Y1ZAaKkDwcnnSPS/eSwNHA==}
    engines: {node: '>=8'}
    peerDependencies:
      react: '>=16.0.0'
      react-dom: '>=16.0.0'
    dependencies:
      '@ant-design/colors': 7.0.2
      '@ant-design/icons-svg': 4.4.2
      '@babel/runtime': 7.24.0
      classnames: 2.5.1
      rc-util: 5.39.1(react-dom@18.2.0)(react@18.2.0)
      react: 18.2.0
      react-dom: 18.2.0(react@18.2.0)
    dev: false

  /@ant-design/react-slick@1.0.2(react@18.2.0):
    resolution: {integrity: sha512-Wj8onxL/T8KQLFFiCA4t8eIRGpRR+UPgOdac2sYzonv+i0n3kXHmvHLLiOYL655DQx2Umii9Y9nNgL7ssu5haQ==}
    peerDependencies:
      react: '>=16.9.0'
    dependencies:
      '@babel/runtime': 7.24.0
      classnames: 2.5.1
      json2mq: 0.2.0
      react: 18.2.0
      resize-observer-polyfill: 1.5.1
      throttle-debounce: 5.0.0
    dev: false

  /@babel/runtime@7.24.0:
    resolution: {integrity: sha512-Chk32uHMg6TnQdvw2e9IlqPpFX/6NLuK0Ys2PqLb7/gL5uFn9mXvK715FGLlOLQrcO4qIkNHkvPGktzzXexsFw==}
    engines: {node: '>=6.9.0'}
    dependencies:
      regenerator-runtime: 0.14.1
    dev: false

  /@ctrl/tinycolor@3.6.1:
    resolution: {integrity: sha512-SITSV6aIXsuVNV3f3O0f2n/cgyEDWoSqtZMYiAmcsYHydcKrOz3gUxB/iXd/Qf08+IZX4KpgNbvUdMBmWz+kcA==}
    engines: {node: '>=10'}
    dev: false

  /@emotion/hash@0.8.0:
    resolution: {integrity: sha512-kBJtf7PH6aWwZ6fka3zQ0p6SBYzx4fl1LoZXE2RrnYST9Xljm7WfKJrU4g/Xr3Beg72MLrp1AWNUmuYJTL7Cow==}
    dev: false

  /@emotion/unitless@0.7.5:
    resolution: {integrity: sha512-OWORNpfjMsSSUBVrRBVGECkhWcULOAJz9ZW8uK9qgxD+87M7jHRcvh/A96XXNhXTLmKcoYSQtBEX7lHMO7YRwg==}
    dev: false

  /@next/env@13.0.1:
    resolution: {integrity: sha512-gK60YoFae3s8qi5UgIzbvxOhsh5gKyEaiKH5+kLBUYXLlrPyWJR2xKBj2WqvHkO7wDX7/Hed3DAqjSpU4ijIvQ==}
    dev: false

  /@next/swc-android-arm-eabi@13.0.1:
    resolution: {integrity: sha512-M28QSbohZlNXNn//HY6lV2T3YaMzG58Jwr0YwOdVmOQv6i+7lu6xe3GqQu4kdqInqhLrBXnL+nabFuGTVSHtTg==}
    engines: {node: '>= 10'}
    cpu: [arm]
    os: [android]
    requiresBuild: true
    dev: false
    optional: true

  /@next/swc-android-arm64@13.0.1:
    resolution: {integrity: sha512-szmO/i6GoHcPXcbhUKhwBMETWHNXH3ITz9wfxwOOFBNKdDU8pjKsHL88lg28aOiQYZSU1sxu1v1p9KY5kJIZCg==}
    engines: {node: '>= 10'}
    cpu: [arm64]
    os: [android]
    requiresBuild: true
    dev: false
    optional: true

  /@next/swc-darwin-arm64@13.0.1:
    resolution: {integrity: sha512-O1RxCaiDNOjGZmdAp6SQoHUITt9aVDQXoR3lZ/TloI/NKRAyAV4u0KUUofK+KaZeHOmVTnPUaQuCyZSc3i1x5Q==}
    engines: {node: '>= 10'}
    cpu: [arm64]
    os: [darwin]
    requiresBuild: true
    dev: false
    optional: true

  /@next/swc-darwin-x64@13.0.1:
    resolution: {integrity: sha512-8E6BY/VO+QqQkthhoWgB8mJMw1NcN9Vhl2OwEwxv8jy2r3zjeU+WNRxz4y8RLbcY0R1h+vHlXuP0mLnuac84tQ==}
    engines: {node: '>= 10'}
    cpu: [x64]
    os: [darwin]
    requiresBuild: true
    dev: false
    optional: true

  /@next/swc-freebsd-x64@13.0.1:
    resolution: {integrity: sha512-ocwoOxm2KVwF50RyoAT+2RQPLlkyoF7sAqzMUVgj+S6+DTkY3iwH+Zpo0XAk2pnqT9qguOrKnEpq9EIx//+K7Q==}
    engines: {node: '>= 10'}
    cpu: [x64]
    os: [freebsd]
    requiresBuild: true
    dev: false
    optional: true

  /@next/swc-linux-arm-gnueabihf@13.0.1:
    resolution: {integrity: sha512-yO7e3zITfGol/N6lPQnmIRi0WyuILBMXrvH6EdmWzzqMDJFfTCII6l+B6gMO5WVDCTQUGQlQRNZ7sFqWR4I71g==}
    engines: {node: '>= 10'}
    cpu: [arm]
    os: [linux]
    requiresBuild: true
    dev: false
    optional: true

  /@next/swc-linux-arm64-gnu@13.0.1:
    resolution: {integrity: sha512-OEs6WDPDI8RyM8SjOqTDMqMBfOlU97VnW6ZMXUvzUTyH0K9c7NF+cn7UMu+I4tKFN0uJ9WQs/6TYaFBGkgoVVA==}
    engines: {node: '>= 10'}
    cpu: [arm64]
    os: [linux]
    requiresBuild: true
    dev: false
    optional: true

  /@next/swc-linux-arm64-musl@13.0.1:
    resolution: {integrity: sha512-y5ypFK0Y3urZSFoQxbtDqvKsBx026sz+Fm+xHlPWlGHNZrbs3Q812iONjcZTo09QwRMk5X86iMWBRxV18xMhaw==}
    engines: {node: '>= 10'}
    cpu: [arm64]
    os: [linux]
    requiresBuild: true
    dev: false
    optional: true

  /@next/swc-linux-x64-gnu@13.0.1:
    resolution: {integrity: sha512-XDIHEE6SU8VCF+dUVntD6PDv6RK31N0forx9kucZBYirbe8vCZ+Yx8hYgvtIaGrTcWtGxibxmND0pIuHDq8H5g==}
    engines: {node: '>= 10'}
    cpu: [x64]
    os: [linux]
    requiresBuild: true
    dev: false
    optional: true

  /@next/swc-linux-x64-musl@13.0.1:
    resolution: {integrity: sha512-yxIOuuz5EOx0F1FDtsyzaLgnDym0Ysxv8CWeJyDTKKmt9BVyITg6q/cD+RP9bEkT1TQi+PYXIMATSz675Q82xw==}
    engines: {node: '>= 10'}
    cpu: [x64]
    os: [linux]
    requiresBuild: true
    dev: false
    optional: true

  /@next/swc-win32-arm64-msvc@13.0.1:
    resolution: {integrity: sha512-+ucLe2qgQzP+FM94jD4ns6LDGyMFaX9k3lVHqu/tsQCy2giMymbport4y4p77mYcXEMlDaHMzlHgOQyHRniWFA==}
    engines: {node: '>= 10'}
    cpu: [arm64]
    os: [win32]
    requiresBuild: true
    dev: false
    optional: true

  /@next/swc-win32-ia32-msvc@13.0.1:
    resolution: {integrity: sha512-Krr/qGN7OB35oZuvMAZKoXDt2IapynIWLh5A5rz6AODb7f/ZJqyAuZSK12vOa2zKdobS36Qm4IlxxBqn9c00MA==}
    engines: {node: '>= 10'}
    cpu: [ia32]
    os: [win32]
    requiresBuild: true
    dev: false
    optional: true

  /@next/swc-win32-x64-msvc@13.0.1:
    resolution: {integrity: sha512-t/0G33t/6VGWZUGCOT7rG42qqvf/x+MrFp1CU+8CN6PrjSSL57R5bqkXfubV9t4eCEnUxVP+5Hn3MoEXEebtEw==}
    engines: {node: '>= 10'}
    cpu: [x64]
    os: [win32]
    requiresBuild: true
    dev: false
    optional: true

  /@panva/hkdf@1.1.1:
    resolution: {integrity: sha512-dhPeilub1NuIG0X5Kvhh9lH4iW3ZsHlnzwgwbOlgwQ2wG1IqFzsgHqmKPk3WzsdWAeaxKJxgM0+W433RmN45GA==}
    dev: false

  /@rc-component/color-picker@1.5.2(react-dom@18.2.0)(react@18.2.0):
    resolution: {integrity: sha512-YJXujYzYFAEtlXJXy0yJUhwzUWPTcniBZto+wZ/vnACmFnUTNR7dH+NOeqSwMMsssh74e9H5Jfpr5LAH2PYqUw==}
    peerDependencies:
      react: '>=16.9.0'
      react-dom: '>=16.9.0'
    dependencies:
      '@babel/runtime': 7.24.0
      '@ctrl/tinycolor': 3.6.1
      classnames: 2.5.1
      rc-util: 5.39.1(react-dom@18.2.0)(react@18.2.0)
      react: 18.2.0
      react-dom: 18.2.0(react@18.2.0)
    dev: false

  /@rc-component/context@1.4.0(react-dom@18.2.0)(react@18.2.0):
    resolution: {integrity: sha512-kFcNxg9oLRMoL3qki0OMxK+7g5mypjgaaJp/pkOis/6rVxma9nJBF/8kCIuTYHUQNr0ii7MxqE33wirPZLJQ2w==}
    peerDependencies:
      react: '>=16.9.0'
      react-dom: '>=16.9.0'
    dependencies:
      '@babel/runtime': 7.24.0
      rc-util: 5.39.1(react-dom@18.2.0)(react@18.2.0)
      react: 18.2.0
      react-dom: 18.2.0(react@18.2.0)
    dev: false

  /@rc-component/mini-decimal@1.1.0:
    resolution: {integrity: sha512-jS4E7T9Li2GuYwI6PyiVXmxTiM6b07rlD9Ge8uGZSCz3WlzcG5ZK7g5bbuKNeZ9pgUuPK/5guV781ujdVpm4HQ==}
    engines: {node: '>=8.x'}
    dependencies:
      '@babel/runtime': 7.24.0
    dev: false

  /@rc-component/mutate-observer@1.1.0(react-dom@18.2.0)(react@18.2.0):
    resolution: {integrity: sha512-QjrOsDXQusNwGZPf4/qRQasg7UFEj06XiCJ8iuiq/Io7CrHrgVi6Uuetw60WAMG1799v+aM8kyc+1L/GBbHSlw==}
    engines: {node: '>=8.x'}
    peerDependencies:
      react: '>=16.9.0'
      react-dom: '>=16.9.0'
    dependencies:
      '@babel/runtime': 7.24.0
      classnames: 2.5.1
      rc-util: 5.39.1(react-dom@18.2.0)(react@18.2.0)
      react: 18.2.0
      react-dom: 18.2.0(react@18.2.0)
    dev: false

  /@rc-component/portal@1.1.2(react-dom@18.2.0)(react@18.2.0):
    resolution: {integrity: sha512-6f813C0IsasTZms08kfA8kPAGxbbkYToa8ALaiDIGGECU4i9hj8Plgbx0sNJDrey3EtHO30hmdaxtT0138xZcg==}
    engines: {node: '>=8.x'}
    peerDependencies:
      react: '>=16.9.0'
      react-dom: '>=16.9.0'
    dependencies:
      '@babel/runtime': 7.24.0
      classnames: 2.5.1
      rc-util: 5.39.1(react-dom@18.2.0)(react@18.2.0)
      react: 18.2.0
      react-dom: 18.2.0(react@18.2.0)
    dev: false

  /@rc-component/tour@1.12.3(react-dom@18.2.0)(react@18.2.0):
    resolution: {integrity: sha512-U4mf1FiUxGCwrX4ed8op77Y8VKur+8Y/61ylxtqGbcSoh1EBC7bWd/DkLu0ClTUrKZInqEi1FL7YgFtnT90vHA==}
    engines: {node: '>=8.x'}
    peerDependencies:
      react: '>=16.9.0'
      react-dom: '>=16.9.0'
    dependencies:
      '@babel/runtime': 7.24.0
      '@rc-component/portal': 1.1.2(react-dom@18.2.0)(react@18.2.0)
      '@rc-component/trigger': 1.18.3(react-dom@18.2.0)(react@18.2.0)
      classnames: 2.5.1
      rc-util: 5.39.1(react-dom@18.2.0)(react@18.2.0)
      react: 18.2.0
      react-dom: 18.2.0(react@18.2.0)
    dev: false

  /@rc-component/trigger@1.18.3(react-dom@18.2.0)(react@18.2.0):
    resolution: {integrity: sha512-Ksr25pXreYe1gX6ayZ1jLrOrl9OAUHUqnuhEx6MeHnNa1zVM5Y2Aj3Q35UrER0ns8D2cJYtmJtVli+i+4eKrvA==}
    engines: {node: '>=8.x'}
    peerDependencies:
      react: '>=16.9.0'
      react-dom: '>=16.9.0'
    dependencies:
      '@babel/runtime': 7.24.0
      '@rc-component/portal': 1.1.2(react-dom@18.2.0)(react@18.2.0)
      classnames: 2.5.1
      rc-motion: 2.9.0(react-dom@18.2.0)(react@18.2.0)
      rc-resize-observer: 1.4.0(react-dom@18.2.0)(react@18.2.0)
      rc-util: 5.39.1(react-dom@18.2.0)(react@18.2.0)
      react: 18.2.0
      react-dom: 18.2.0(react@18.2.0)
    dev: false

  /@swc/helpers@0.4.11:
    resolution: {integrity: sha512-rEUrBSGIoSFuYxwBYtlUFMlE2CwGhmW+w9355/5oduSw8e5h2+Tj4UrAGNNgP9915++wj5vkQo0UuOBqOAq4nw==}
    dependencies:
      tslib: 2.6.2
    dev: false

  /@types/node@18.11.9:
    resolution: {integrity: sha512-CRpX21/kGdzjOpFsZSkcrXMGIBWMGNIHXXBVFSH+ggkftxg+XYP20TESbh+zFvFj3EQOl5byk0HTRn1IL6hbqg==}
    dev: false

  /@types/prop-types@15.7.11:
    resolution: {integrity: sha512-ga8y9v9uyeiLdpKddhxYQkxNDrfvuPrlFb0N1qnZZByvcElJaXthF1UhvCh9TLWJBEHeNtdnbysW7Y6Uq8CVng==}
    dev: false

  /@types/react-dom@18.0.8:
    resolution: {integrity: sha512-C3GYO0HLaOkk9dDAz3Dl4sbe4AKUGTCfFIZsz3n/82dPNN8Du533HzKatDxeUYWu24wJgMP1xICqkWk1YOLOIw==}
    dependencies:
      '@types/react': 18.0.24
    dev: false

  /@types/react@18.0.24:
    resolution: {integrity: sha512-wRJWT6ouziGUy+9uX0aW4YOJxAY0bG6/AOk5AW5QSvZqI7dk6VBIbXvcVgIw/W5Jrl24f77df98GEKTJGOLx7Q==}
    dependencies:
      '@types/prop-types': 15.7.11
      '@types/scheduler': 0.16.8
      csstype: 3.1.3
    dev: false

  /@types/scheduler@0.16.8:
    resolution: {integrity: sha512-WZLiwShhwLRmeV6zH+GkbOFT6Z6VklCItrDioxUnv+u4Ll+8vKeFySoFyK/0ctcRpOmwAicELfmys1sDc/Rw+A==}
    dev: false

  /antd@5.15.1(react-dom@18.2.0)(react@18.2.0):
    resolution: {integrity: sha512-wPoydYS63jikgHEBhiEu+IoLXwyrDlDpbV68PCPXs3sa+nthvJOpvaV/0tfrkStkpc8WsBtsJfe9Lx7AUor5Rg==}
    peerDependencies:
      react: '>=16.9.0'
      react-dom: '>=16.9.0'
    dependencies:
      '@ant-design/colors': 7.0.2
      '@ant-design/cssinjs': 1.18.4(react-dom@18.2.0)(react@18.2.0)
      '@ant-design/icons': 5.3.1(react-dom@18.2.0)(react@18.2.0)
      '@ant-design/react-slick': 1.0.2(react@18.2.0)
      '@babel/runtime': 7.24.0
      '@ctrl/tinycolor': 3.6.1
      '@rc-component/color-picker': 1.5.2(react-dom@18.2.0)(react@18.2.0)
      '@rc-component/mutate-observer': 1.1.0(react-dom@18.2.0)(react@18.2.0)
      '@rc-component/tour': 1.12.3(react-dom@18.2.0)(react@18.2.0)
      '@rc-component/trigger': 1.18.3(react-dom@18.2.0)(react@18.2.0)
      classnames: 2.5.1
      copy-to-clipboard: 3.3.3
      dayjs: 1.11.10
      qrcode.react: 3.1.0(react@18.2.0)
      rc-cascader: 3.22.0(react-dom@18.2.0)(react@18.2.0)
      rc-checkbox: 3.2.0(react-dom@18.2.0)(react@18.2.0)
      rc-collapse: 3.7.2(react-dom@18.2.0)(react@18.2.0)
      rc-dialog: 9.4.0(react-dom@18.2.0)(react@18.2.0)
      rc-drawer: 7.1.0(react-dom@18.2.0)(react@18.2.0)
      rc-dropdown: 4.1.0(react-dom@18.2.0)(react@18.2.0)
      rc-field-form: 1.42.1(react-dom@18.2.0)(react@18.2.0)
      rc-image: 7.6.0(react-dom@18.2.0)(react@18.2.0)
      rc-input: 1.4.3(react-dom@18.2.0)(react@18.2.0)
      rc-input-number: 9.0.0(react-dom@18.2.0)(react@18.2.0)
      rc-mentions: 2.10.1(react-dom@18.2.0)(react@18.2.0)
      rc-menu: 9.12.4(react-dom@18.2.0)(react@18.2.0)
      rc-motion: 2.9.0(react-dom@18.2.0)(react@18.2.0)
      rc-notification: 5.3.0(react-dom@18.2.0)(react@18.2.0)
      rc-pagination: 4.0.4(react-dom@18.2.0)(react@18.2.0)
      rc-picker: 4.2.1(dayjs@1.11.10)(react-dom@18.2.0)(react@18.2.0)
      rc-progress: 3.5.1(react-dom@18.2.0)(react@18.2.0)
      rc-rate: 2.12.0(react-dom@18.2.0)(react@18.2.0)
      rc-resize-observer: 1.4.0(react-dom@18.2.0)(react@18.2.0)
      rc-segmented: 2.3.0(react-dom@18.2.0)(react@18.2.0)
      rc-select: 14.12.1(react-dom@18.2.0)(react@18.2.0)
      rc-slider: 10.5.0(react-dom@18.2.0)(react@18.2.0)
      rc-steps: 6.0.1(react-dom@18.2.0)(react@18.2.0)
      rc-switch: 4.1.0(react-dom@18.2.0)(react@18.2.0)
      rc-table: 7.42.0(react-dom@18.2.0)(react@18.2.0)
      rc-tabs: 14.0.0(react-dom@18.2.0)(react@18.2.0)
      rc-textarea: 1.6.3(react-dom@18.2.0)(react@18.2.0)
      rc-tooltip: 6.1.3(react-dom@18.2.0)(react@18.2.0)
      rc-tree: 5.8.5(react-dom@18.2.0)(react@18.2.0)
      rc-tree-select: 5.18.0(react-dom@18.2.0)(react@18.2.0)
      rc-upload: 4.5.2(react-dom@18.2.0)(react@18.2.0)
      rc-util: 5.39.1(react-dom@18.2.0)(react@18.2.0)
      react: 18.2.0
      react-dom: 18.2.0(react@18.2.0)
      scroll-into-view-if-needed: 3.1.0
      throttle-debounce: 5.0.0
    transitivePeerDependencies:
      - date-fns
      - luxon
      - moment
    dev: false

  /array-tree-filter@2.1.0:
    resolution: {integrity: sha512-4ROwICNlNw/Hqa9v+rk5h22KjmzB1JGTMVKP2AKJBOCgb0yL0ASf0+YvCcLNNwquOHNX48jkeZIJ3a+oOQqKcw==}
    dev: false

  /async-validator@4.2.5:
    resolution: {integrity: sha512-7HhHjtERjqlNbZtqNqy2rckN/SpOOlmDliet+lP7k+eKZEjPk3DgyeU9lIXLdeLz0uBbbVp+9Qdow9wJWgwwfg==}
    dev: false

  /caniuse-lite@1.0.30001596:
    resolution: {integrity: sha512-zpkZ+kEr6We7w63ORkoJ2pOfBwBkY/bJrG/UZ90qNb45Isblu8wzDgevEOrRL1r9dWayHjYiiyCMEXPn4DweGQ==}
    dev: false

  /classnames@2.5.1:
    resolution: {integrity: sha512-saHYOzhIQs6wy2sVxTM6bUDsQO4F50V9RQ22qBpEdCW+I+/Wmke2HOl6lS6dTpdxVhb88/I6+Hs+438c3lfUow==}
    dev: false

  /client-only@0.0.1:
    resolution: {integrity: sha512-IV3Ou0jSMzZrd3pZ48nLkT9DA7Ag1pnPzaiQhpW7c3RbcqqzvzzVu+L8gfqMp/8IM2MQtSiqaCxrrcfu8I8rMA==}
    dev: false

  /compute-scroll-into-view@3.1.0:
    resolution: {integrity: sha512-rj8l8pD4bJ1nx+dAkMhV1xB5RuZEyVysfxJqB1pRchh1KVvwOv9b7CGB8ZfjTImVv2oF+sYMUkMZq6Na5Ftmbg==}
    dev: false

  /cookie@0.5.0:
    resolution: {integrity: sha512-YZ3GUyn/o8gfKJlnlX7g7xq4gyO6OSuhGPKaaGssGB2qgDUS0gPgtTvoyZLTt9Ab6dC4hfc9dV5arkvc/OCmrw==}
    engines: {node: '>= 0.6'}
    dev: false

  /copy-to-clipboard@3.3.3:
    resolution: {integrity: sha512-2KV8NhB5JqC3ky0r9PMCAZKbUHSwtEo4CwCs0KXgruG43gX5PMqDEBbVU4OUzw2MuAWUfsuFmWvEKG5QRfSnJA==}
    dependencies:
      toggle-selection: 1.0.6
    dev: false

  /csstype@3.1.3:
    resolution: {integrity: sha512-M1uQkMl8rQK/szD0LNhtqxIPLpimGm8sOBwU7lLnCpSbTyY3yeU1Vc7l4KT5zT4s/yOxHH5O7tIuuLOCnLADRw==}
    dev: false

  /dayjs@1.11.10:
    resolution: {integrity: sha512-vjAczensTgRcqDERK0SR2XMwsF/tSvnvlv6VcF2GIhg6Sx4yOIt/irsr1RDJsKiIyBzJDpCoXiWWq28MqH2cnQ==}
    dev: false

  /jose@4.15.5:
    resolution: {integrity: sha512-jc7BFxgKPKi94uOvEmzlSWFFe2+vASyXaKUpdQKatWAESU2MWjDfFf0fdfc83CDKcA5QecabZeNLyfhe3yKNkg==}
    dev: false

  /js-tokens@4.0.0:
    resolution: {integrity: sha512-RdJUflcE3cUzKiMqQgsCu06FPu9UdIJO0beYbPhHN4k6apgJtifcoCtT9bcxOpYBtpD2kCM6Sbzg4CausW/PKQ==}
    dev: false

  /json2mq@0.2.0:
    resolution: {integrity: sha512-SzoRg7ux5DWTII9J2qkrZrqV1gt+rTaoufMxEzXbS26Uid0NwaJd123HcoB80TgubEppxxIGdNxCx50fEoEWQA==}
    dependencies:
      string-convert: 0.2.1
    dev: false

  /loose-envify@1.4.0:
    resolution: {integrity: sha512-lyuxPGr/Wfhrlem2CL/UcnUc1zcqKAImBDzukY7Y5F/yQiNdko6+fRLevlw1HgMySw7f611UIY408EtxRSoK3Q==}
    hasBin: true
    dependencies:
      js-tokens: 4.0.0
    dev: false

  /lru-cache@6.0.0:
    resolution: {integrity: sha512-Jo6dJ04CmSjuznwJSS3pUeWmd/H0ffTlkXXgwZi+eq1UCmqQwCh+eLsYOYCwY991i2Fah4h1BEMCx4qThGbsiA==}
    engines: {node: '>=10'}
    dependencies:
      yallist: 4.0.0
    dev: false

  /nanoid@3.3.7:
    resolution: {integrity: sha512-eSRppjcPIatRIMC1U6UngP8XFcz8MQWGQdt1MTBQ7NaAmvXDfvNxbvWV3x2y6CdEUciCSsDHDQZbhYaB8QEo2g==}
    engines: {node: ^10 || ^12 || ^13.7 || ^14 || >=15.0.1}
    hasBin: true
    dev: false

  /next-auth@4.15.0(next@13.0.1)(react-dom@18.2.0)(react@18.2.0):
    resolution: {integrity: sha512-IasNzGLM2VlmyioDdZaRwBBBm8b5xo+zbbqVWHFh0bY6iQUZ3vuudrsdHNdxkXV3LSHdKNaoWEpYr4BydB7mCw==}
    engines: {node: ^12.19.0 || ^14.15.0 || ^16.13.0}
    peerDependencies:
      next: ^12.2.5
      nodemailer: ^6.6.5
      react: ^17.0.2 || ^18
      react-dom: ^17.0.2 || ^18
    peerDependenciesMeta:
      nodemailer:
        optional: true
    dependencies:
      '@babel/runtime': 7.24.0
      '@panva/hkdf': 1.1.1
      cookie: 0.5.0
      jose: 4.15.5
      next: 13.0.1(react-dom@18.2.0)(react@18.2.0)
      oauth: 0.9.15
      openid-client: 5.6.5
      preact: 10.11.3
      preact-render-to-string: 5.2.3(preact@10.11.3)
      react: 18.2.0
      react-dom: 18.2.0(react@18.2.0)
      uuid: 8.3.2
    dev: false

  /next@13.0.1(react-dom@18.2.0)(react@18.2.0):
    resolution: {integrity: sha512-ErCNBPIeZMKFn6hX+ZBSlqZVgJIeitEqhGTuQUNmYXJ07/A71DZ7AJI8eyHYUdBb686LUpV1/oBdTq9RpzRVPg==}
    engines: {node: '>=14.6.0'}
    hasBin: true
    peerDependencies:
      fibers: '>= 3.1.0'
      node-sass: ^6.0.0 || ^7.0.0
      react: ^18.2.0
      react-dom: ^18.2.0
      sass: ^1.3.0
    peerDependenciesMeta:
      fibers:
        optional: true
      node-sass:
        optional: true
      sass:
        optional: true
    dependencies:
      '@next/env': 13.0.1
      '@swc/helpers': 0.4.11
      caniuse-lite: 1.0.30001596
      postcss: 8.4.14
      react: 18.2.0
      react-dom: 18.2.0(react@18.2.0)
      styled-jsx: 5.1.0(react@18.2.0)
      use-sync-external-store: 1.2.0(react@18.2.0)
    optionalDependencies:
      '@next/swc-android-arm-eabi': 13.0.1
      '@next/swc-android-arm64': 13.0.1
      '@next/swc-darwin-arm64': 13.0.1
      '@next/swc-darwin-x64': 13.0.1
      '@next/swc-freebsd-x64': 13.0.1
      '@next/swc-linux-arm-gnueabihf': 13.0.1
      '@next/swc-linux-arm64-gnu': 13.0.1
      '@next/swc-linux-arm64-musl': 13.0.1
      '@next/swc-linux-x64-gnu': 13.0.1
      '@next/swc-linux-x64-musl': 13.0.1
      '@next/swc-win32-arm64-msvc': 13.0.1
      '@next/swc-win32-ia32-msvc': 13.0.1
      '@next/swc-win32-x64-msvc': 13.0.1
    transitivePeerDependencies:
      - '@babel/core'
      - babel-plugin-macros
    dev: false

  /oauth@0.9.15:
    resolution: {integrity: sha512-a5ERWK1kh38ExDEfoO6qUHJb32rd7aYmPHuyCu3Fta/cnICvYmgd2uhuKXvPD+PXB+gCEYYEaQdIRAjCOwAKNA==}
    dev: false

  /object-hash@2.2.0:
    resolution: {integrity: sha512-gScRMn0bS5fH+IuwyIFgnh9zBdo4DV+6GhygmWM9HyNJSgS0hScp1f5vjtm7oIIOiT9trXrShAkLFSc2IqKNgw==}
    engines: {node: '>= 6'}
    dev: false

  /oidc-token-hash@5.0.3:
    resolution: {integrity: sha512-IF4PcGgzAr6XXSff26Sk/+P4KZFJVuHAJZj3wgO3vX2bMdNVp/QXTP3P7CEm9V1IdG8lDLY3HhiqpsE/nOwpPw==}
    engines: {node: ^10.13.0 || >=12.0.0}
    dev: false

  /openid-client@5.6.5:
    resolution: {integrity: sha512-5P4qO9nGJzB5PI0LFlhj4Dzg3m4odt0qsJTfyEtZyOlkgpILwEioOhVVJOrS1iVH494S4Ee5OCjjg6Bf5WOj3w==}
    dependencies:
      jose: 4.15.5
      lru-cache: 6.0.0
      object-hash: 2.2.0
      oidc-token-hash: 5.0.3
    dev: false

  /picocolors@1.0.0:
    resolution: {integrity: sha512-1fygroTLlHu66zi26VoTDv8yRgm0Fccecssto+MhsZ0D/DGW2sm8E8AjW7NU5VVTRt5GxbeZ5qBuJr+HyLYkjQ==}
    dev: false

  /postcss@8.4.14:
    resolution: {integrity: sha512-E398TUmfAYFPBSdzgeieK2Y1+1cpdxJx8yXbK/m57nRhKSmk1GB2tO4lbLBtlkfPQTDKfe4Xqv1ASWPpayPEig==}
    engines: {node: ^10 || ^12 || >=14}
    dependencies:
      nanoid: 3.3.7
      picocolors: 1.0.0
      source-map-js: 1.0.2
    dev: false

  /preact-render-to-string@5.2.3(preact@10.11.3):
    resolution: {integrity: sha512-aPDxUn5o3GhWdtJtW0svRC2SS/l8D9MAgo2+AWml+BhDImb27ALf04Q2d+AHqUUOc6RdSXFIBVa2gxzgMKgtZA==}
    peerDependencies:
      preact: '>=10'
    dependencies:
      preact: 10.11.3
      pretty-format: 3.8.0
    dev: false

  /preact@10.11.3:
    resolution: {integrity: sha512-eY93IVpod/zG3uMF22Unl8h9KkrcKIRs2EGar8hwLZZDU1lkjph303V9HZBwufh2s736U6VXuhD109LYqPoffg==}
    dev: false

  /prettier@2.7.1:
    resolution: {integrity: sha512-ujppO+MkdPqoVINuDFDRLClm7D78qbDt0/NR+wp5FqEZOoTNAjPHWj17QRhu7geIHJfcNhRk1XVQmF8Bp3ye+g==}
    engines: {node: '>=10.13.0'}
    hasBin: true
    dev: true

  /pretty-format@3.8.0:
    resolution: {integrity: sha512-WuxUnVtlWL1OfZFQFuqvnvs6MiAGk9UNsBostyBOB0Is9wb5uRESevA6rnl/rkksXaGX3GzZhPup5d6Vp1nFew==}
    dev: false

  /qrcode.react@3.1.0(react@18.2.0):
    resolution: {integrity: sha512-oyF+Urr3oAMUG/OiOuONL3HXM+53wvuH3mtIWQrYmsXoAq0DkvZp2RYUWFSMFtbdOpuS++9v+WAkzNVkMlNW6Q==}
    peerDependencies:
      react: ^16.8.0 || ^17.0.0 || ^18.0.0
    dependencies:
      react: 18.2.0
    dev: false

  /rc-cascader@3.22.0(react-dom@18.2.0)(react@18.2.0):
    resolution: {integrity: sha512-zTVa1zE7C+MX0anBkieMmTzQ7OvQ+7wJn3dzrlYN3tIG9WXPJKoTgMeHqTBspGU5KhV5SyoqTPvpinVrxgliHg==}
    peerDependencies:
      react: '>=16.9.0'
      react-dom: '>=16.9.0'
    dependencies:
      '@babel/runtime': 7.24.0
      array-tree-filter: 2.1.0
      classnames: 2.5.1
      rc-select: 14.12.1(react-dom@18.2.0)(react@18.2.0)
      rc-tree: 5.8.5(react-dom@18.2.0)(react@18.2.0)
      rc-util: 5.39.1(react-dom@18.2.0)(react@18.2.0)
      react: 18.2.0
      react-dom: 18.2.0(react@18.2.0)
    dev: false

  /rc-checkbox@3.2.0(react-dom@18.2.0)(react@18.2.0):
    resolution: {integrity: sha512-8inzw4y9dAhZmv/Ydl59Qdy5tdp9CKg4oPVcRigi+ga/yKPZS5m5SyyQPtYSgbcqHRYOdUhiPSeKfktc76du1A==}
    peerDependencies:
      react: '>=16.9.0'
      react-dom: '>=16.9.0'
    dependencies:
      '@babel/runtime': 7.24.0
      classnames: 2.5.1
      rc-util: 5.39.1(react-dom@18.2.0)(react@18.2.0)
      react: 18.2.0
      react-dom: 18.2.0(react@18.2.0)
    dev: false

  /rc-collapse@3.7.2(react-dom@18.2.0)(react@18.2.0):
    resolution: {integrity: sha512-ZRw6ipDyOnfLFySxAiCMdbHtb5ePAsB9mT17PA6y1mRD/W6KHRaZeb5qK/X9xDV1CqgyxMpzw0VdS74PCcUk4A==}
    peerDependencies:
      react: '>=16.9.0'
      react-dom: '>=16.9.0'
    dependencies:
      '@babel/runtime': 7.24.0
      classnames: 2.5.1
      rc-motion: 2.9.0(react-dom@18.2.0)(react@18.2.0)
      rc-util: 5.39.1(react-dom@18.2.0)(react@18.2.0)
      react: 18.2.0
      react-dom: 18.2.0(react@18.2.0)
    dev: false

  /rc-dialog@9.4.0(react-dom@18.2.0)(react@18.2.0):
    resolution: {integrity: sha512-AScCexaLACvf8KZRqCPz12BJ8olszXOS4lKlkMyzDQHS1m0zj1KZMYgmMCh39ee0Dcv8kyrj8mTqxuLyhH+QuQ==}
    peerDependencies:
      react: '>=16.9.0'
      react-dom: '>=16.9.0'
    dependencies:
      '@babel/runtime': 7.24.0
      '@rc-component/portal': 1.1.2(react-dom@18.2.0)(react@18.2.0)
      classnames: 2.5.1
      rc-motion: 2.9.0(react-dom@18.2.0)(react@18.2.0)
      rc-util: 5.39.1(react-dom@18.2.0)(react@18.2.0)
      react: 18.2.0
      react-dom: 18.2.0(react@18.2.0)
    dev: false

  /rc-drawer@7.1.0(react-dom@18.2.0)(react@18.2.0):
    resolution: {integrity: sha512-nBE1rF5iZvpavoyqhSSz2mk/yANltA7g3aF0U45xkx381n3we/RKs9cJfNKp9mSWCedOKWt9FLEwZDaAaOGn2w==}
    peerDependencies:
      react: '>=16.9.0'
      react-dom: '>=16.9.0'
    dependencies:
      '@babel/runtime': 7.24.0
      '@rc-component/portal': 1.1.2(react-dom@18.2.0)(react@18.2.0)
      classnames: 2.5.1
      rc-motion: 2.9.0(react-dom@18.2.0)(react@18.2.0)
      rc-util: 5.39.1(react-dom@18.2.0)(react@18.2.0)
      react: 18.2.0
      react-dom: 18.2.0(react@18.2.0)
    dev: false

  /rc-dropdown@4.1.0(react-dom@18.2.0)(react@18.2.0):
    resolution: {integrity: sha512-VZjMunpBdlVzYpEdJSaV7WM7O0jf8uyDjirxXLZRNZ+tAC+NzD3PXPEtliFwGzVwBBdCmGuSqiS9DWcOLxQ9tw==}
    peerDependencies:
      react: '>=16.11.0'
      react-dom: '>=16.11.0'
    dependencies:
      '@babel/runtime': 7.24.0
      '@rc-component/trigger': 1.18.3(react-dom@18.2.0)(react@18.2.0)
      classnames: 2.5.1
      rc-util: 5.39.1(react-dom@18.2.0)(react@18.2.0)
      react: 18.2.0
      react-dom: 18.2.0(react@18.2.0)
    dev: false

  /rc-field-form@1.42.1(react-dom@18.2.0)(react@18.2.0):
    resolution: {integrity: sha512-SqiEmWNP+I61Lt80+ofPvT+3l8Ij6vb35IS+x14gheVnCJN0SRnOwEgsqCEB5FslT7xqjUqDnU845hRZ1jzlAA==}
    engines: {node: '>=8.x'}
    peerDependencies:
      react: '>=16.9.0'
      react-dom: '>=16.9.0'
    dependencies:
      '@babel/runtime': 7.24.0
      async-validator: 4.2.5
      rc-util: 5.39.1(react-dom@18.2.0)(react@18.2.0)
      react: 18.2.0
      react-dom: 18.2.0(react@18.2.0)
    dev: false

  /rc-image@7.6.0(react-dom@18.2.0)(react@18.2.0):
    resolution: {integrity: sha512-tL3Rvd1sS+frZQ01i+tkeUPaOeFz2iG9/scAt/Cfs0hyCRVA/w0Pu1J/JxIX8blalvmHE0bZQRYdOmRAzWu4Hg==}
    peerDependencies:
      react: '>=16.9.0'
      react-dom: '>=16.9.0'
    dependencies:
      '@babel/runtime': 7.24.0
      '@rc-component/portal': 1.1.2(react-dom@18.2.0)(react@18.2.0)
      classnames: 2.5.1
      rc-dialog: 9.4.0(react-dom@18.2.0)(react@18.2.0)
      rc-motion: 2.9.0(react-dom@18.2.0)(react@18.2.0)
      rc-util: 5.39.1(react-dom@18.2.0)(react@18.2.0)
      react: 18.2.0
      react-dom: 18.2.0(react@18.2.0)
    dev: false

  /rc-input-number@9.0.0(react-dom@18.2.0)(react@18.2.0):
    resolution: {integrity: sha512-RfcDBDdWFFetouWFXBA+WPEC8LzBXyngr9b+yTLVIygfFu7HiLRGn/s/v9wwno94X7KFvnb28FNynMGj9XJlDQ==}
    peerDependencies:
      react: '>=16.9.0'
      react-dom: '>=16.9.0'
    dependencies:
      '@babel/runtime': 7.24.0
      '@rc-component/mini-decimal': 1.1.0
      classnames: 2.5.1
      rc-input: 1.4.3(react-dom@18.2.0)(react@18.2.0)
      rc-util: 5.39.1(react-dom@18.2.0)(react@18.2.0)
      react: 18.2.0
      react-dom: 18.2.0(react@18.2.0)
    dev: false

  /rc-input@1.4.3(react-dom@18.2.0)(react@18.2.0):
    resolution: {integrity: sha512-aHyQUAIRmTlOnvk5EcNqEpJ+XMtfMpYRAJayIlJfsvvH9cAKUWboh4egm23vgMA7E+c/qm4BZcnrDcA960GC1w==}
    peerDependencies:
      react: '>=16.0.0'
      react-dom: '>=16.0.0'
    dependencies:
      '@babel/runtime': 7.24.0
      classnames: 2.5.1
      rc-util: 5.39.1(react-dom@18.2.0)(react@18.2.0)
      react: 18.2.0
      react-dom: 18.2.0(react@18.2.0)
    dev: false

  /rc-mentions@2.10.1(react-dom@18.2.0)(react@18.2.0):
    resolution: {integrity: sha512-72qsEcr/7su+a07ndJ1j8rI9n0Ka/ngWOLYnWMMv0p2mi/5zPwPrEDTt6Uqpe8FWjWhueDJx/vzunL6IdKDYMg==}
    peerDependencies:
      react: '>=16.9.0'
      react-dom: '>=16.9.0'
    dependencies:
      '@babel/runtime': 7.24.0
      '@rc-component/trigger': 1.18.3(react-dom@18.2.0)(react@18.2.0)
      classnames: 2.5.1
      rc-input: 1.4.3(react-dom@18.2.0)(react@18.2.0)
      rc-menu: 9.12.4(react-dom@18.2.0)(react@18.2.0)
      rc-textarea: 1.6.3(react-dom@18.2.0)(react@18.2.0)
      rc-util: 5.39.1(react-dom@18.2.0)(react@18.2.0)
      react: 18.2.0
      react-dom: 18.2.0(react@18.2.0)
    dev: false

  /rc-menu@9.12.4(react-dom@18.2.0)(react@18.2.0):
    resolution: {integrity: sha512-t2NcvPLV1mFJzw4F21ojOoRVofK2rWhpKPx69q2raUsiHPDP6DDevsBILEYdsIegqBeSXoWs2bf6CueBKg3BFg==}
    peerDependencies:
      react: '>=16.9.0'
      react-dom: '>=16.9.0'
    dependencies:
      '@babel/runtime': 7.24.0
      '@rc-component/trigger': 1.18.3(react-dom@18.2.0)(react@18.2.0)
      classnames: 2.5.1
      rc-motion: 2.9.0(react-dom@18.2.0)(react@18.2.0)
      rc-overflow: 1.3.2(react-dom@18.2.0)(react@18.2.0)
      rc-util: 5.39.1(react-dom@18.2.0)(react@18.2.0)
      react: 18.2.0
      react-dom: 18.2.0(react@18.2.0)
    dev: false

  /rc-motion@2.9.0(react-dom@18.2.0)(react@18.2.0):
    resolution: {integrity: sha512-XIU2+xLkdIr1/h6ohPZXyPBMvOmuyFZQ/T0xnawz+Rh+gh4FINcnZmMT5UTIj6hgI0VLDjTaPeRd+smJeSPqiQ==}
    peerDependencies:
      react: '>=16.9.0'
      react-dom: '>=16.9.0'
    dependencies:
      '@babel/runtime': 7.24.0
      classnames: 2.5.1
      rc-util: 5.39.1(react-dom@18.2.0)(react@18.2.0)
      react: 18.2.0
      react-dom: 18.2.0(react@18.2.0)
    dev: false

  /rc-notification@5.3.0(react-dom@18.2.0)(react@18.2.0):
    resolution: {integrity: sha512-WCf0uCOkZ3HGfF0p1H4Sgt7aWfipxORWTPp7o6prA3vxwtWhtug3GfpYls1pnBp4WA+j8vGIi5c2/hQRpGzPcQ==}
    engines: {node: '>=8.x'}
    peerDependencies:
      react: '>=16.9.0'
      react-dom: '>=16.9.0'
    dependencies:
      '@babel/runtime': 7.24.0
      classnames: 2.5.1
      rc-motion: 2.9.0(react-dom@18.2.0)(react@18.2.0)
      rc-util: 5.39.1(react-dom@18.2.0)(react@18.2.0)
      react: 18.2.0
      react-dom: 18.2.0(react@18.2.0)
    dev: false

  /rc-overflow@1.3.2(react-dom@18.2.0)(react@18.2.0):
    resolution: {integrity: sha512-nsUm78jkYAoPygDAcGZeC2VwIg/IBGSodtOY3pMof4W3M9qRJgqaDYm03ZayHlde3I6ipliAxbN0RUcGf5KOzw==}
    peerDependencies:
      react: '>=16.9.0'
      react-dom: '>=16.9.0'
    dependencies:
      '@babel/runtime': 7.24.0
      classnames: 2.5.1
      rc-resize-observer: 1.4.0(react-dom@18.2.0)(react@18.2.0)
      rc-util: 5.39.1(react-dom@18.2.0)(react@18.2.0)
      react: 18.2.0
      react-dom: 18.2.0(react@18.2.0)
    dev: false

  /rc-pagination@4.0.4(react-dom@18.2.0)(react@18.2.0):
    resolution: {integrity: sha512-GGrLT4NgG6wgJpT/hHIpL9nELv27A1XbSZzECIuQBQTVSf4xGKxWr6I/jhpRPauYEWEbWVw22ObG6tJQqwJqWQ==}
    peerDependencies:
      react: '>=16.9.0'
      react-dom: '>=16.9.0'
    dependencies:
      '@babel/runtime': 7.24.0
      classnames: 2.5.1
      rc-util: 5.39.1(react-dom@18.2.0)(react@18.2.0)
      react: 18.2.0
      react-dom: 18.2.0(react@18.2.0)
    dev: false

  /rc-picker@4.2.1(dayjs@1.11.10)(react-dom@18.2.0)(react@18.2.0):
    resolution: {integrity: sha512-HU1ZdSEKE7CpH+3yBgFrhHipShqsExSr2VwqlDKILNMHBq2/pEyjOAj4fd1SPNcewm2sg+tw3LOsGYfTaZ0ABQ==}
    engines: {node: '>=8.x'}
    peerDependencies:
      date-fns: '>= 2.x'
      dayjs: '>= 1.x'
      luxon: '>= 3.x'
      moment: '>= 2.x'
      react: '>=16.9.0'
      react-dom: '>=16.9.0'
    peerDependenciesMeta:
      date-fns:
        optional: true
      dayjs:
        optional: true
      luxon:
        optional: true
      moment:
        optional: true
    dependencies:
      '@babel/runtime': 7.24.0
      '@rc-component/trigger': 1.18.3(react-dom@18.2.0)(react@18.2.0)
      classnames: 2.5.1
      dayjs: 1.11.10
      rc-overflow: 1.3.2(react-dom@18.2.0)(react@18.2.0)
      rc-resize-observer: 1.4.0(react-dom@18.2.0)(react@18.2.0)
      rc-util: 5.39.1(react-dom@18.2.0)(react@18.2.0)
      react: 18.2.0
      react-dom: 18.2.0(react@18.2.0)
    dev: false

  /rc-progress@3.5.1(react-dom@18.2.0)(react@18.2.0):
    resolution: {integrity: sha512-V6Amx6SbLRwPin/oD+k1vbPrO8+9Qf8zW1T8A7o83HdNafEVvAxPV5YsgtKFP+Ud5HghLj33zKOcEHrcrUGkfw==}
    peerDependencies:
      react: '>=16.9.0'
      react-dom: '>=16.9.0'
    dependencies:
      '@babel/runtime': 7.24.0
      classnames: 2.5.1
      rc-util: 5.39.1(react-dom@18.2.0)(react@18.2.0)
      react: 18.2.0
      react-dom: 18.2.0(react@18.2.0)
    dev: false

  /rc-rate@2.12.0(react-dom@18.2.0)(react@18.2.0):
    resolution: {integrity: sha512-g092v5iZCdVzbjdn28FzvWebK2IutoVoiTeqoLTj9WM7SjA/gOJIw5/JFZMRyJYYVe1jLAU2UhAfstIpCNRozg==}
    engines: {node: '>=8.x'}
    peerDependencies:
      react: '>=16.9.0'
      react-dom: '>=16.9.0'
    dependencies:
      '@babel/runtime': 7.24.0
      classnames: 2.5.1
      rc-util: 5.39.1(react-dom@18.2.0)(react@18.2.0)
      react: 18.2.0
      react-dom: 18.2.0(react@18.2.0)
    dev: false

  /rc-resize-observer@1.4.0(react-dom@18.2.0)(react@18.2.0):
    resolution: {integrity: sha512-PnMVyRid9JLxFavTjeDXEXo65HCRqbmLBw9xX9gfC4BZiSzbLXKzW3jPz+J0P71pLbD5tBMTT+mkstV5gD0c9Q==}
    peerDependencies:
      react: '>=16.9.0'
      react-dom: '>=16.9.0'
    dependencies:
      '@babel/runtime': 7.24.0
      classnames: 2.5.1
      rc-util: 5.39.1(react-dom@18.2.0)(react@18.2.0)
      react: 18.2.0
      react-dom: 18.2.0(react@18.2.0)
      resize-observer-polyfill: 1.5.1
    dev: false

  /rc-segmented@2.3.0(react-dom@18.2.0)(react@18.2.0):
    resolution: {integrity: sha512-I3FtM5Smua/ESXutFfb8gJ8ZPcvFR+qUgeeGFQHBOvRiRKyAk4aBE5nfqrxXx+h8/vn60DQjOt6i4RNtrbOobg==}
    peerDependencies:
      react: '>=16.0.0'
      react-dom: '>=16.0.0'
    dependencies:
      '@babel/runtime': 7.24.0
      classnames: 2.5.1
      rc-motion: 2.9.0(react-dom@18.2.0)(react@18.2.0)
      rc-util: 5.39.1(react-dom@18.2.0)(react@18.2.0)
      react: 18.2.0
      react-dom: 18.2.0(react@18.2.0)
    dev: false

  /rc-select@14.12.1(react-dom@18.2.0)(react@18.2.0):
    resolution: {integrity: sha512-cHCYNJ7vwsyTDbzQMkFDPpFhS20WmsZURgrz5LUObONrq6ifwqYrj8KJV5yDeW9XqoHCZm2DqK7nJiAaHrWM1A==}
    engines: {node: '>=8.x'}
    peerDependencies:
      react: '*'
      react-dom: '*'
    dependencies:
      '@babel/runtime': 7.24.0
      '@rc-component/trigger': 1.18.3(react-dom@18.2.0)(react@18.2.0)
      classnames: 2.5.1
      rc-motion: 2.9.0(react-dom@18.2.0)(react@18.2.0)
      rc-overflow: 1.3.2(react-dom@18.2.0)(react@18.2.0)
      rc-util: 5.39.1(react-dom@18.2.0)(react@18.2.0)
      rc-virtual-list: 3.11.4(react-dom@18.2.0)(react@18.2.0)
      react: 18.2.0
      react-dom: 18.2.0(react@18.2.0)
    dev: false

  /rc-slider@10.5.0(react-dom@18.2.0)(react@18.2.0):
    resolution: {integrity: sha512-xiYght50cvoODZYI43v3Ylsqiw14+D7ELsgzR40boDZaya1HFa1Etnv9MDkQE8X/UrXAffwv2AcNAhslgYuDTw==}
    engines: {node: '>=8.x'}
    peerDependencies:
      react: '>=16.9.0'
      react-dom: '>=16.9.0'
    dependencies:
      '@babel/runtime': 7.24.0
      classnames: 2.5.1
      rc-util: 5.39.1(react-dom@18.2.0)(react@18.2.0)
      react: 18.2.0
      react-dom: 18.2.0(react@18.2.0)
    dev: false

  /rc-steps@6.0.1(react-dom@18.2.0)(react@18.2.0):
    resolution: {integrity: sha512-lKHL+Sny0SeHkQKKDJlAjV5oZ8DwCdS2hFhAkIjuQt1/pB81M0cA0ErVFdHq9+jmPmFw1vJB2F5NBzFXLJxV+g==}
    engines: {node: '>=8.x'}
    peerDependencies:
      react: '>=16.9.0'
      react-dom: '>=16.9.0'
    dependencies:
      '@babel/runtime': 7.24.0
      classnames: 2.5.1
      rc-util: 5.39.1(react-dom@18.2.0)(react@18.2.0)
      react: 18.2.0
      react-dom: 18.2.0(react@18.2.0)
    dev: false

  /rc-switch@4.1.0(react-dom@18.2.0)(react@18.2.0):
    resolution: {integrity: sha512-TI8ufP2Az9oEbvyCeVE4+90PDSljGyuwix3fV58p7HV2o4wBnVToEyomJRVyTaZeqNPAp+vqeo4Wnj5u0ZZQBg==}
    peerDependencies:
      react: '>=16.9.0'
      react-dom: '>=16.9.0'
    dependencies:
      '@babel/runtime': 7.24.0
      classnames: 2.5.1
      rc-util: 5.39.1(react-dom@18.2.0)(react@18.2.0)
      react: 18.2.0
      react-dom: 18.2.0(react@18.2.0)
    dev: false

  /rc-table@7.42.0(react-dom@18.2.0)(react@18.2.0):
    resolution: {integrity: sha512-GwHV9Zs3HvWxBkoXatO/IeKoElzy3Ojf3dcyw1Rj3cyQVb+ZHtexslKdyzsrKRPJ0mUa62BoX+ZAg3zgTEql8w==}
    engines: {node: '>=8.x'}
    peerDependencies:
      react: '>=16.9.0'
      react-dom: '>=16.9.0'
    dependencies:
      '@babel/runtime': 7.24.0
      '@rc-component/context': 1.4.0(react-dom@18.2.0)(react@18.2.0)
      classnames: 2.5.1
      rc-resize-observer: 1.4.0(react-dom@18.2.0)(react@18.2.0)
      rc-util: 5.39.1(react-dom@18.2.0)(react@18.2.0)
      rc-virtual-list: 3.11.4(react-dom@18.2.0)(react@18.2.0)
      react: 18.2.0
      react-dom: 18.2.0(react@18.2.0)
    dev: false

  /rc-tabs@14.0.0(react-dom@18.2.0)(react@18.2.0):
    resolution: {integrity: sha512-lp1YWkaPnjlyhOZCPrAWxK6/P6nMGX/BAZcAC3nuVwKz0Byfp+vNnQKK8BRCP2g/fzu+SeB5dm9aUigRu3tRkQ==}
    engines: {node: '>=8.x'}
    peerDependencies:
      react: '>=16.9.0'
      react-dom: '>=16.9.0'
    dependencies:
      '@babel/runtime': 7.24.0
      classnames: 2.5.1
      rc-dropdown: 4.1.0(react-dom@18.2.0)(react@18.2.0)
      rc-menu: 9.12.4(react-dom@18.2.0)(react@18.2.0)
      rc-motion: 2.9.0(react-dom@18.2.0)(react@18.2.0)
      rc-resize-observer: 1.4.0(react-dom@18.2.0)(react@18.2.0)
      rc-util: 5.39.1(react-dom@18.2.0)(react@18.2.0)
      react: 18.2.0
      react-dom: 18.2.0(react@18.2.0)
    dev: false

  /rc-textarea@1.6.3(react-dom@18.2.0)(react@18.2.0):
    resolution: {integrity: sha512-8k7+8Y2GJ/cQLiClFMg8kUXOOdvcFQrnGeSchOvI2ZMIVvX5a3zQpLxoODL0HTrvU63fPkRmMuqaEcOF9dQemA==}
    peerDependencies:
      react: '>=16.9.0'
      react-dom: '>=16.9.0'
    dependencies:
      '@babel/runtime': 7.24.0
      classnames: 2.5.1
      rc-input: 1.4.3(react-dom@18.2.0)(react@18.2.0)
      rc-resize-observer: 1.4.0(react-dom@18.2.0)(react@18.2.0)
      rc-util: 5.39.1(react-dom@18.2.0)(react@18.2.0)
      react: 18.2.0
      react-dom: 18.2.0(react@18.2.0)
    dev: false

  /rc-tooltip@6.1.3(react-dom@18.2.0)(react@18.2.0):
    resolution: {integrity: sha512-HMSbSs5oieZ7XddtINUddBLSVgsnlaSb3bZrzzGWjXa7/B7nNedmsuz72s7EWFEro9mNa7RyF3gOXKYqvJiTcQ==}
    peerDependencies:
      react: '>=16.9.0'
      react-dom: '>=16.9.0'
    dependencies:
      '@babel/runtime': 7.24.0
      '@rc-component/trigger': 1.18.3(react-dom@18.2.0)(react@18.2.0)
      classnames: 2.5.1
      react: 18.2.0
      react-dom: 18.2.0(react@18.2.0)
    dev: false

  /rc-tree-select@5.18.0(react-dom@18.2.0)(react@18.2.0):
    resolution: {integrity: sha512-gctFd1ATKom/YGQ3NBKDPaYkHhJvJbd2hC0cvNXspbg9jYEJe8QBVgCwVnt0QvSkxN4Jxjx/CxA4UEidl084Sw==}
    peerDependencies:
      react: '*'
      react-dom: '*'
    dependencies:
      '@babel/runtime': 7.24.0
      classnames: 2.5.1
      rc-select: 14.12.1(react-dom@18.2.0)(react@18.2.0)
      rc-tree: 5.8.5(react-dom@18.2.0)(react@18.2.0)
      rc-util: 5.39.1(react-dom@18.2.0)(react@18.2.0)
      react: 18.2.0
      react-dom: 18.2.0(react@18.2.0)
    dev: false

  /rc-tree@5.8.5(react-dom@18.2.0)(react@18.2.0):
    resolution: {integrity: sha512-PRfcZtVDNkR7oh26RuNe1hpw11c1wfgzwmPFL0lnxGnYefe9lDAO6cg5wJKIAwyXFVt5zHgpjYmaz0CPy1ZtKg==}
    engines: {node: '>=10.x'}
    peerDependencies:
      react: '*'
      react-dom: '*'
    dependencies:
      '@babel/runtime': 7.24.0
      classnames: 2.5.1
      rc-motion: 2.9.0(react-dom@18.2.0)(react@18.2.0)
      rc-util: 5.39.1(react-dom@18.2.0)(react@18.2.0)
      rc-virtual-list: 3.11.4(react-dom@18.2.0)(react@18.2.0)
      react: 18.2.0
      react-dom: 18.2.0(react@18.2.0)
    dev: false

  /rc-upload@4.5.2(react-dom@18.2.0)(react@18.2.0):
    resolution: {integrity: sha512-QO3ne77DwnAPKFn0bA5qJM81QBjQi0e0NHdkvpFyY73Bea2NfITiotqJqVjHgeYPOJu5lLVR32TNGP084aSoXA==}
    peerDependencies:
      react: '>=16.9.0'
      react-dom: '>=16.9.0'
    dependencies:
      '@babel/runtime': 7.24.0
      classnames: 2.5.1
      rc-util: 5.39.1(react-dom@18.2.0)(react@18.2.0)
      react: 18.2.0
      react-dom: 18.2.0(react@18.2.0)
    dev: false

  /rc-util@5.39.1(react-dom@18.2.0)(react@18.2.0):
    resolution: {integrity: sha512-OW/ERynNDgNr4y0oiFmtes3rbEamXw7GHGbkbNd9iRr7kgT03T6fT0b9WpJ3mbxKhyOcAHnGcIoh5u/cjrC2OQ==}
    peerDependencies:
      react: '>=16.9.0'
      react-dom: '>=16.9.0'
    dependencies:
      '@babel/runtime': 7.24.0
      react: 18.2.0
      react-dom: 18.2.0(react@18.2.0)
      react-is: 18.2.0
    dev: false

  /rc-virtual-list@3.11.4(react-dom@18.2.0)(react@18.2.0):
    resolution: {integrity: sha512-NbBi0fvyIu26gP69nQBiWgUMTPX3mr4FcuBQiVqagU0BnuX8WQkiivnMs105JROeuUIFczLrlgUhLQwTWV1XDA==}
    engines: {node: '>=8.x'}
    peerDependencies:
      react: '>=16.9.0'
      react-dom: '>=16.9.0'
    dependencies:
      '@babel/runtime': 7.24.0
      classnames: 2.5.1
      rc-resize-observer: 1.4.0(react-dom@18.2.0)(react@18.2.0)
      rc-util: 5.39.1(react-dom@18.2.0)(react@18.2.0)
      react: 18.2.0
      react-dom: 18.2.0(react@18.2.0)
    dev: false

  /react-dom@18.2.0(react@18.2.0):
    resolution: {integrity: sha512-6IMTriUmvsjHUjNtEDudZfuDQUoWXVxKHhlEGSk81n4YFS+r/Kl99wXiwlVXtPBtJenozv2P+hxDsw9eA7Xo6g==}
    peerDependencies:
      react: ^18.2.0
    dependencies:
      loose-envify: 1.4.0
      react: 18.2.0
      scheduler: 0.23.0
    dev: false

  /react-is@18.2.0:
    resolution: {integrity: sha512-xWGDIW6x921xtzPkhiULtthJHoJvBbF3q26fzloPCK0hsvxtPVelvftw3zjbHWSkR2km9Z+4uxbDDK/6Zw9B8w==}
    dev: false

  /react@18.2.0:
    resolution: {integrity: sha512-/3IjMdb2L9QbBdWiW5e3P2/npwMBaU9mHCSCUzNln0ZCYbcfTsGbTJrU/kGemdH2IWmB2ioZ+zkxtmq6g09fGQ==}
    engines: {node: '>=0.10.0'}
    dependencies:
      loose-envify: 1.4.0
    dev: false

  /regenerator-runtime@0.14.1:
    resolution: {integrity: sha512-dYnhHh0nJoMfnkZs6GmmhFknAGRrLznOu5nc9ML+EJxGvrx6H7teuevqVqCuPcPK//3eDrrjQhehXVx9cnkGdw==}
    dev: false

  /resize-observer-polyfill@1.5.1:
    resolution: {integrity: sha512-LwZrotdHOo12nQuZlHEmtuXdqGoOD0OhaxopaNFxWzInpEgaLWoVuAMbTzixuosCx2nEG58ngzW3vxdWoxIgdg==}
    dev: false

  /scheduler@0.23.0:
    resolution: {integrity: sha512-CtuThmgHNg7zIZWAXi3AsyIzA3n4xx7aNyjwC2VJldO2LMVDhFK+63xGqq6CsJH4rTAt6/M+N4GhZiDYPx9eUw==}
    dependencies:
      loose-envify: 1.4.0
    dev: false

  /scroll-into-view-if-needed@3.1.0:
    resolution: {integrity: sha512-49oNpRjWRvnU8NyGVmUaYG4jtTkNonFZI86MmGRDqBphEK2EXT9gdEUoQPZhuBM8yWHxCWbobltqYO5M4XrUvQ==}
    dependencies:
      compute-scroll-into-view: 3.1.0
    dev: false

  /source-map-js@1.0.2:
    resolution: {integrity: sha512-R0XvVJ9WusLiqTCEiGCmICCMplcCkIwwR11mOSD9CR5u+IXYdiseeEuXCVAjS54zqwkLcPNnmU4OeJ6tUrWhDw==}
    engines: {node: '>=0.10.0'}
    dev: false

  /string-convert@0.2.1:
    resolution: {integrity: sha512-u/1tdPl4yQnPBjnVrmdLo9gtuLvELKsAoRapekWggdiQNvvvum+jYF329d84NAa660KQw7pB2n36KrIKVoXa3A==}
    dev: false

  /styled-jsx@5.1.0(react@18.2.0):
    resolution: {integrity: sha512-/iHaRJt9U7T+5tp6TRelLnqBqiaIT0HsO0+vgyj8hK2KUk7aejFqRrumqPUlAqDwAj8IbS/1hk3IhBAAK/FCUQ==}
    engines: {node: '>= 12.0.0'}
    peerDependencies:
      '@babel/core': '*'
      babel-plugin-macros: '*'
      react: '>= 16.8.0 || 17.x.x || ^18.0.0-0'
    peerDependenciesMeta:
      '@babel/core':
        optional: true
      babel-plugin-macros:
        optional: true
    dependencies:
      client-only: 0.0.1
      react: 18.2.0
    dev: false

  /stylis@4.3.1:
    resolution: {integrity: sha512-EQepAV+wMsIaGVGX1RECzgrcqRRU/0sYOHkeLsZ3fzHaHXZy4DaOOX0vOlGQdlsjkh3mFHAIlVimpwAs4dslyQ==}
    dev: false

  /throttle-debounce@5.0.0:
    resolution: {integrity: sha512-2iQTSgkkc1Zyk0MeVrt/3BvuOXYPl/R8Z0U2xxo9rjwNciaHDG3R+Lm6dh4EeUci49DanvBnuqI6jshoQQRGEg==}
    engines: {node: '>=12.22'}
    dev: false

  /toggle-selection@1.0.6:
    resolution: {integrity: sha512-BiZS+C1OS8g/q2RRbJmy59xpyghNBqrr6k5L/uKBGRsTfxmu3ffiRnd8mlGPUVayg8pvfi5urfnu8TU7DVOkLQ==}
    dev: false

  /tslib@2.6.2:
    resolution: {integrity: sha512-AEYxH93jGFPn/a2iVAwW87VuUIkR1FVUKB77NwMF7nBTDkDrrT/Hpt/IrCJ0QXhW27jTBDcf5ZY7w6RiqTMw2Q==}
    dev: false

  /typescript@4.8.4:
    resolution: {integrity: sha512-QCh+85mCy+h0IGff8r5XWzOVSbBO+KfeYrMQh7NJ58QujwcE22u+NUSmUxqF+un70P9GXKxa2HCNiTTMJknyjQ==}
    engines: {node: '>=4.2.0'}
    hasBin: true
    dev: false

  /use-sync-external-store@1.2.0(react@18.2.0):
    resolution: {integrity: sha512-eEgnFxGQ1Ife9bzYs6VLi8/4X6CObHMw9Qr9tPY43iKwsPw8xE8+EFsf/2cFZ5S3esXgpWgtSCtLNS41F+sKPA==}
    peerDependencies:
      react: ^16.8.0 || ^17.0.0 || ^18.0.0
    dependencies:
      react: 18.2.0
    dev: false

  /uuid@8.3.2:
    resolution: {integrity: sha512-+NYs2QeMWy+GWFOEm9xnn6HCDp0l7QBD7ml8zLUmJ+93Q5NF0NocErnwkTkXVFNiX3/fpC6afS8Dhb/gz7R7eg==}
    hasBin: true
    dev: false

  /yallist@4.0.0:
    resolution: {integrity: sha512-3wdGidZyq5PB084XLES5TpOSRA3wjXAlIWMhum2kRcv/41Sn2emQ0dycQW4uZXLejwKvg6EsvbdlVL+FYEct7A==}
    dev: false
